
Microsoft Visual Studio Solution File, Format Version 12.00
# Visual Studio Version 17
VisualStudioVersion = 17.5.002.0
MinimumVisualStudioVersion = 10.0.40219.1
Project("{9A19103F-16F7-4668-BE54-9A1E7A4F7556}") = "MaskeTakip", "MaskeTakip.csproj", "{01446A32-120B-4AE7-9222-D1CED3ED36B1}"
EndProject
Global
	GlobalSection(SolutionConfigurationPlatforms) = preSolution
		Debug|Any CPU = Debug|Any CPU
		Release|Any CPU = Release|Any CPU
	EndGlobalSection
	GlobalSection(ProjectConfigurationPlatforms) = postSolution
		{01446A32-120B-4AE7-9222-D1CED3ED36B1}.Debug|Any CPU.ActiveCfg = Debug|Any CPU
		{01446A32-120B-4AE7-9222-D1CED3ED36B1}.Debug|Any CPU.Build.0 = Debug|Any CPU
		{01446A32-120B-4AE7-9222-D1CED3ED36B1}.Release|Any CPU.ActiveCfg = Release|Any CPU
		{01446A32-120B-4AE7-9222-D1CED3ED36B1}.Release|Any CPU.Build.0 = Release|Any CPU
	EndGlobalSection
	GlobalSection(SolutionProperties) = preSolution
		HideSolutionNode = FALSE
	EndGlobalSection
	GlobalSection(ExtensibilityGlobals) = postSolution
		SolutionGuid = {D9C7B4E2-826A-4171-85C0-3A291852B910}
	EndGlobalSection
EndGlobal
